PODS:
  - AFNetworking (2.6.3):
    - AFNetworking/NSURLConnection (= 2.6.3)
    - AFNetworking/NSURLSession (= 2.6.3)
    - AFNetworking/Reachability (= 2.6.3)
    - AFNetworking/Security (= 2.6.3)
    - AFNetworking/Serialization (= 2.6.3)
    - AFNetworking/UIKit (= 2.6.3)
  - AFNetworking/NSURLConnection (2.6.3):
    - AFNetworking/Reachability
    - AFNetworking/Security
    - AFNetworking/Serialization
  - AFNetworking/NSURLSession (2.6.3):
    - AFNetworking/Reachability
    - AFNetworking/Security
    - AFNetworking/Serialization
  - AFNetworking/Reachability (2.6.3)
  - AFNetworking/Security (2.6.3)
  - AFNetworking/Serialization (2.6.3)
  - AFNetworking/UIKit (2.6.3):
    - AFNetworking/NSURLConnection
    - AFNetworking/NSURLSession
  - EasyPost (0.0.4):
    - AFNetworking (~> 2.6.3)

DEPENDENCIES:
  - EasyPost (from `https://github.com/rodionovd/easypost-objective-c`)

EXTERNAL SOURCES:
  EasyPost:
    :git: https://github.com/rodionovd/easypost-objective-c

CHECKOUT OPTIONS:
  EasyPost:
    :commit: 324cbaa47e6f822da69003c008e1bc42dd465831
    :git: https://github.com/rodionovd/easypost-objective-c

SPEC CHECKSUMS:
  AFNetworking: cb8d14a848e831097108418f5d49217339d4eb60
  EasyPost: 4d2b4b618f41b1a511068bf917412e45c9c7cb60

PODFILE CHECKSUM: 94d245290b4a917acafae7ffedbac25ed0d2704d

COCOAPODS: 1.0.1
